<?xml version="1.0" encoding="utf-8"?>
<Project ToolsVersion="4.0" xmlns="http://schemas.microsoft.com/developer/msbuild/2003">
  <ItemGroup>
    <Filter Include="Source Files">
      <UniqueIdentifier>{4FC737F1-C7A5-4376-A066-2A32D752A2FF}</UniqueIdentifier>
      <Extensions>cpp;c;cc;cxx;c++;cppm;ixx;def;odl;idl;hpj;bat;asm;asmx</Extensions>
    </Filter>
    <Filter Include="Header Files">
      <UniqueIdentifier>{93995380-89BD-4b04-88EB-625FBE52EBFB}</UniqueIdentifier>
      <Extensions>h;hh;hpp;hxx;h++;hm;inl;inc;ipp;xsd</Extensions>
    </Filter>
    <Filter Include="Resource Files">
      <UniqueIdentifier>{67DA6AB6-F800-4c08-8B7A-83BB121AAD01}</UniqueIdentifier>
      <Extensions>rc;ico;cur;bmp;dlg;rc2;rct;bin;rgs;gif;jpg;jpeg;jpe;resx;tiff;tif;png;wav;mfcribbon-ms</Extensions>
    </Filter>
    <Filter Include="Data">
      <UniqueIdentifier>{772660bd-d62d-435f-9b83-b0c1c1eb0bc5}</UniqueIdentifier>
    </Filter>
  </ItemGroup>
  <ItemGroup>
    <ClCompile Include="AdventOfCode.cpp">
      <Filter>Source Files</Filter>
    </ClCompile>
    <ClCompile Include="TestFunctionalAreascpp.cpp">
      <Filter>Source Files</Filter>
    </ClCompile>
    <ClCompile Include="TestEntertainment.cpp">
      <Filter>Source Files</Filter>
    </ClCompile>
    <ClCompile Include="TestModelling.cpp">
      <Filter>Source Files</Filter>
    </ClCompile>
    <ClCompile Include="TestCaveNavigator.cpp">
      <Filter>Source Files</Filter>
    </ClCompile>
    <ClCompile Include="pch.cpp">
      <Filter>Source Files</Filter>
    </ClCompile>
    <ClCompile Include="TestPaperfolder.cpp">
      <Filter>Source Files</Filter>
    </ClCompile>
    <ClCompile Include="TestPolymerizer.cpp">
      <Filter>Source Files</Filter>
    </ClCompile>
    <ClCompile Include="TestCavernPathFinder.cpp">
      <Filter>Source Files</Filter>
    </ClCompile>
    <ClCompile Include="TestIO.cpp">
      <Filter>Source Files</Filter>
    </ClCompile>
    <ClCompile Include="PacketDecoder.cpp">
      <Filter>Source Files</Filter>
    </ClCompile>
    <ClCompile Include="TestCommon.cpp">
      <Filter>Source Files</Filter>
    </ClCompile>
  </ItemGroup>
  <ItemGroup>
    <ClInclude Include="AdventOfCode.hpp">
      <Filter>Header Files</Filter>
    </ClInclude>
    <ClInclude Include="StringOperations.hpp">
      <Filter>Header Files</Filter>
    </ClInclude>
    <ClInclude Include="DiagnosticLog.hpp">
      <Filter>Header Files</Filter>
    </ClInclude>
    <ClInclude Include="Common.hpp">
      <Filter>Header Files</Filter>
    </ClInclude>
    <ClInclude Include="BoatSystems.hpp">
      <Filter>Header Files</Filter>
    </ClInclude>
    <ClInclude Include="EntertainmentSystems.hpp">
      <Filter>Header Files</Filter>
    </ClInclude>
    <ClInclude Include="Lanternfish.hpp">
      <Filter>Header Files</Filter>
    </ClInclude>
    <ClInclude Include="CrabSorter.hpp">
      <Filter>Header Files</Filter>
    </ClInclude>
    <ClInclude Include="DigitAnalyser.hpp">
      <Filter>Header Files</Filter>
    </ClInclude>
    <ClInclude Include="SyntaxChecker.hpp">
      <Filter>Header Files</Filter>
    </ClInclude>
    <ClInclude Include="StaticMap.hpp">
      <Filter>Header Files</Filter>
    </ClInclude>
    <ClInclude Include="DumboOctopusModel.hpp">
      <Filter>Header Files</Filter>
    </ClInclude>
    <ClInclude Include="CaveNavigator.hpp">
      <Filter>Header Files</Filter>
    </ClInclude>
    <ClInclude Include="pch.hpp">
      <Filter>Header Files</Filter>
    </ClInclude>
    <ClInclude Include="Paperfolder.hpp">
      <Filter>Header Files</Filter>
    </ClInclude>
    <ClInclude Include="CharacterMaps.hpp">
      <Filter>Header Files</Filter>
    </ClInclude>
    <ClInclude Include="Polymerizer.hpp">
      <Filter>Header Files</Filter>
    </ClInclude>
    <ClInclude Include="CavernPathFinder.hpp">
      <Filter>Header Files</Filter>
    </ClInclude>
    <ClInclude Include="PacketDecoder.hpp">
      <Filter>Header Files</Filter>
    </ClInclude>
    <ClInclude Include="ProbeLauncher.hpp">
      <Filter>Header Files</Filter>
    </ClInclude>
  </ItemGroup>
  <ItemGroup>
    <Text Include="Data\Day1_input.txt">
      <Filter>Data</Filter>
    </Text>
    <Text Include="Data\Day2_input.txt">
      <Filter>Data</Filter>
    </Text>
    <Text Include="Data\Day3_input.txt">
      <Filter>Data</Filter>
    </Text>
    <Text Include="Data\Day4_input.txt">
      <Filter>Data</Filter>
    </Text>
    <Text Include="Data\Day5_input.txt">
      <Filter>Data</Filter>
    </Text>
    <Text Include="Data\Day6_input.txt">
      <Filter>Data</Filter>
    </Text>
    <Text Include="Data\Day7_input.txt">
      <Filter>Data</Filter>
    </Text>
    <Text Include="Data\Day8_input.txt">
      <Filter>Data</Filter>
    </Text>
    <Text Include="Data\Day9_input.txt">
      <Filter>Data</Filter>
    </Text>
    <Text Include="Data\Day10_input.txt">
      <Filter>Data</Filter>
    </Text>
    <Text Include="Data\Day11_input.txt">
      <Filter>Data</Filter>
    </Text>
    <Text Include="Data\Day12_input.txt">
      <Filter>Data</Filter>
    </Text>
    <Text Include="Data\Day13_input.txt">
      <Filter>Data</Filter>
    </Text>
    <Text Include="Data\Day14_input.txt">
      <Filter>Data</Filter>
    </Text>
    <Text Include="Data\Day15_input.txt">
      <Filter>Data</Filter>
    </Text>
    <Text Include="Data\Day15_expanded_cave_mike.txt">
      <Filter>Data</Filter>
    </Text>
    <Text Include="Data\Day15_input_mike.txt">
      <Filter>Data</Filter>
    </Text>
    <Text Include="Data\Day16_input.txt">
      <Filter>Data</Filter>
    </Text>
    <Text Include="Data\Day17_input.txt">
      <Filter>Data</Filter>
    </Text>
  </ItemGroup>
  <ItemGroup>
    <None Include="..\README.md" />
    <None Include="packages.config" />
  </ItemGroup>
</Project>